{
  "name": "pax-historia-frontend",
  "version": "4.0.0",
  "lockfileVersion": 3,
  "requires": true,
  "packages": {
    "": {
      "name": "pax-historia-frontend",
      "version": "4.0.0",
      "dependencies": { "phaser": "4.0.0-rc.5" },
      "devDependencies": { "vite": "7.1.0", "vitest": "3.2.4" }
    }
  }
}
